// !$*UTF8*$!
{
	archiveVersion = 1;
	classes = {
	};
	objectVersion = 46;
	objects = {

/* Begin PBXBuildFile section */
		7DCE7A4919D9DC32001CEB3C /* bg.jpeg in Resources */ = {isa = PBXBuildFile; fileRef = 7DCE7A4819D9DC32001CEB3C /* bg.jpeg */; };
		7DEAB8AC19D9290D00FC31FF /* AppDelegate.swift in Sources */ = {isa = PBXBuildFile; fileRef = 7DEAB8AB19D9290D00FC31FF /* AppDelegate.swift */; };
		7DEAB8AE19D9290D00FC31FF /* ToDoListViewController.swift in Sources */ = {isa = PBXBuildFile; fileRef = 7DEAB8AD19D9290D00FC31FF /* ToDoListViewController.swift */; };
		7DEAB8B119D9290D00FC31FF /* Main.storyboard in Resources */ = {isa = PBXBuildFile; fileRef = 7DEAB8AF19D9290D00FC31FF /* Main.storyboard */; };
		7DEAB8B319D9290D00FC31FF /* Images.xcassets in Resources */ = {isa = PBXBuildFile; fileRef = 7DEAB8B219D9290D00FC31FF /* Images.xcassets */; };
		7DEAB8B619D9290D00FC31FF /* LaunchScreen.xib in Resources */ = {isa = PBXBuildFile; fileRef = 7DEAB8B419D9290D00FC31FF /* LaunchScreen.xib */; };
		7DEAB8C219D9290D00FC31FF /* ToDoList2Tests.swift in Sources */ = {isa = PBXBuildFile; fileRef = 7DEAB8C119D9290D00FC31FF /* ToDoList2Tests.swift */; };
		7DEAB8CC19D92C3C00FC31FF /* AddToDoListViewController.swift in Sources */ = {isa = PBXBuildFile; fileRef = 7DEAB8CB19D92C3C00FC31FF /* AddToDoListViewController.swift */; };
		7DEAB8D119D92F9100FC31FF /* ToDoItem.swift in Sources */ = {isa = PBXBuildFile; fileRef = 7DEAB8D019D92F9100FC31FF /* ToDoItem.swift */; };
/* End PBXBuildFile section */

/* Begin PBXContainerItemProxy section */
		7DEAB8BC19D9290D00FC31FF /* PBXContainerItemProxy */ = {
			isa = PBXContainerItemProxy;
			containerPortal = 7DEAB89E19D9290D00FC31FF /* Project object */;
			proxyType = 1;
			remoteGlobalIDString = 7DEAB8A519D9290D00FC31FF;
			remoteInfo = ToDoList2;
		};
/* End PBXContainerItemProxy section */

/* Begin PBXFileReference section */
		7DCE7A4819D9DC32001CEB3C /* bg.jpeg */ = {isa = PBXFileReference; lastKnownFileType = image.jpeg; path = bg.jpeg; sourceTree = "<group>"; };
		7DEAB8A619D9290D00FC31FF /* ToDoList2.app */ = {isa = PBXFileReference; explicitFileType = wrapper.application; includeInIndex = 0; path = ToDoList2.app; sourceTree = BUILT_PRODUCTS_DIR; };
		7DEAB8AA19D9290D00FC31FF /* Info.plist */ = {isa = PBXFileReference; lastKnownFileType = text.plist.xml; path = Info.plist; sourceTree = "<group>"; };
		7DEAB8AB19D9290D00FC31FF /* AppDelegate.swift */ = {isa = PBXFileReference; lastKnownFileType = sourcecode.swift; path = AppDelegate.swift; sourceTree = "<group>"; };
		7DEAB8AD19D9290D00FC31FF /* ToDoListViewController.swift */ = {isa = PBXFileReference; lastKnownFileType = sourcecode.swift; path = ToDoListViewController.swift; sourceTree = "<group>"; };
		7DEAB8B019D9290D00FC31FF /* Base */ = {isa = PBXFileReference; lastKnownFileType = file.storyboard; name = Base; path = Base.lproj/Main.storyboard; sourceTree = "<group>"; };
		7DEAB8B219D9290D00FC31FF /* Images.xcassets */ = {isa = PBXFileReference; lastKnownFileType = folder.assetcatalog; path = Images.xcassets; sourceTree = "<group>"; };
		7DEAB8B519D9290D00FC31FF /* Base */ = {isa = PBXFileReference; lastKnownFileType = file.xib; name = Base; path = Base.lproj/LaunchScreen.xib; sourceTree = "<group>"; };
		7DEAB8BB19D9290D00FC31FF /* ToDoList2Tests.xctest */ = {isa = PBXFileReference; explicitFileType = wrapper.cfbundle; includeInIndex = 0; path = ToDoList2Tests.xctest; sourceTree = BUILT_PRODUCTS_DIR; };
		7DEAB8C019D9290D00FC31FF /* Info.plist */ = {isa = PBXFileReference; lastKnownFileType = text.plist.xml; path = Info.plist; sourceTree = "<group>"; };
		7DEAB8C119D9290D00FC31FF /* ToDoList2Tests.swift */ = {isa = PBXFileReference; lastKnownFileType = sourcecode.swift; path = ToDoList2Tests.swift; sourceTree = "<group>"; };
		7DEAB8CB19D92C3C00FC31FF /* AddToDoListViewController.swift */ = {isa = PBXFileReference; fileEncoding = 4; lastKnownFileType = sourcecode.swift; path = AddToDoListViewController.swift; sourceTree = "<group>"; };
		7DEAB8D019D92F9100FC31FF /* ToDoItem.swift */ = {isa = PBXFileReference; fileEncoding = 4; lastKnownFileType = sourcecode.swift; path = ToDoItem.swift; sourceTree = "<group>"; };
/* End PBXFileReference section */

/* Begin PBXFrameworksBuildPhase section */
		7DEAB8A319D9290D00FC31FF /* Frameworks */ = {
			isa = PBXFrameworksBuildPhase;
			buildActionMask = 2147483647;
			files = (
			);
			runOnlyForDeploymentPostprocessing = 0;
		};
		7DEAB8B819D9290D00FC31FF /* Frameworks */ = {
			isa = PBXFrameworksBuildPhase;
			buildActionMask = 2147483647;
			files = (
			);
			runOnlyForDeploymentPostprocessing = 0;
		};
/* End PBXFrameworksBuildPhase section */

/* Begin PBXGroup section */
		7DEAB89D19D9290D00FC31FF = {
			isa = PBXGroup;
			children = (
				7DEAB8A819D9290D00FC31FF /* ToDoList2 */,
				7DEAB8BE19D9290D00FC31FF /* ToDoList2Tests */,
				7DEAB8A719D9290D00FC31FF /* Products */,
			);
			sourceTree = "<group>";
		};
		7DEAB8A719D9290D00FC31FF /* Products */ = {
			isa = PBXGroup;
			children = (
				7DEAB8A619D9290D00FC31FF /* ToDoList2.app */,
				7DEAB8BB19D9290D00FC31FF /* ToDoList2Tests.xctest */,
			);
			name = Products;
			sourceTree = "<group>";
		};
		7DEAB8A819D9290D00FC31FF /* ToDoList2 */ = {
			isa = PBXGroup;
			children = (
				7DCE7A4819D9DC32001CEB3C /* bg.jpeg */,
				7DEAB8D019D92F9100FC31FF /* ToDoItem.swift */,
				7DEAB8AD19D9290D00FC31FF /* ToDoListViewController.swift */,
				7DEAB8CB19D92C3C00FC31FF /* AddToDoListViewController.swift */,
				7DEAB8AB19D9290D00FC31FF /* AppDelegate.swift */,
				7DEAB8AF19D9290D00FC31FF /* Main.storyboard */,
				7DEAB8B219D9290D00FC31FF /* Images.xcassets */,
				7DEAB8B419D9290D00FC31FF /* LaunchScreen.xib */,
				7DEAB8A919D9290D00FC31FF /* Supporting Files */,
			);
			path = ToDoList2;
			sourceTree = "<group>";
		};
		7DEAB8A919D9290D00FC31FF /* Supporting Files */ = {
			isa = PBXGroup;
			children = (
				7DEAB8AA19D9290D00FC31FF /* Info.plist */,
			);
			name = "Supporting Files";
			sourceTree = "<group>";
		};
		7DEAB8BE19D9290D00FC31FF /* ToDoList2Tests */ = {
			isa = PBXGroup;
			children = (
				7DEAB8C119D9290D00FC31FF /* ToDoList2Tests.swift */,
				7DEAB8BF19D9290D00FC31FF /* Supporting Files */,
			);
			path = ToDoList2Tests;
			sourceTree = "<group>";
		};
		7DEAB8BF19D9290D00FC31FF /* Supporting Files */ = {
			isa = PBXGroup;
			children = (
				7DEAB8C019D9290D00FC31FF /* Info.plist */,
			);
			name = "Supporting Files";
			sourceTree = "<group>";
		};
/* End PBXGroup section */

/* Begin PBXNativeTarget section */
		7DEAB8A519D9290D00FC31FF /* ToDoList2 */ = {
			isa = PBXNativeTarget;
			buildConfigurationList = 7DEAB8C519D9290D00FC31FF /* Build configuration list for PBXNativeTarget "ToDoList2" */;
			buildPhases = (
				7DEAB8A219D9290D00FC31FF /* Sources */,
				7DEAB8A319D9290D00FC31FF /* Frameworks */,
				7DEAB8A419D9290D00FC31FF /* Resources */,
			);
			buildRules = (
			);
			dependencies = (
			);
			name = ToDoList2;
			productName = ToDoList2;
			productReference = 7DEAB8A619D9290D00FC31FF /* ToDoList2.app */;
			productType = "com.apple.product-type.application";
		};
		7DEAB8BA19D9290D00FC31FF /* ToDoList2Tests */ = {
			isa = PBXNativeTarget;
			buildConfigurationList = 7DEAB8C819D9290D00FC31FF /* Build configuration list for PBXNativeTarget "ToDoList2Tests" */;
			buildPhases = (
				7DEAB8B719D9290D00FC31FF /* Sources */,
				7DEAB8B819D9290D00FC31FF /* Frameworks */,
				7DEAB8B919D9290D00FC31FF /* Resources */,
			);
			buildRules = (
			);
			dependencies = (
				7DEAB8BD19D9290D00FC31FF /* PBXTargetDependency */,
			);
			name = ToDoList2Tests;
			productName = ToDoList2Tests;
			productReference = 7DEAB8BB19D9290D00FC31FF /* ToDoList2Tests.xctest */;
			productType = "com.apple.product-type.bundle.unit-test";
		};
/* End PBXNativeTarget section */

/* Begin PBXProject section */
		7DEAB89E19D9290D00FC31FF /* Project object */ = {
			isa = PBXProject;
			attributes = {
				LastUpgradeCheck = 0600;
				ORGANIZATIONNAME = zhanhyii;
				TargetAttributes = {
					7DEAB8A519D9290D00FC31FF = {
						CreatedOnToolsVersion = 6.0.1;
					};
					7DEAB8BA19D9290D00FC31FF = {
						CreatedOnToolsVersion = 6.0.1;
						TestTargetID = 7DEAB8A519D9290D00FC31FF;
					};
				};
			};
			buildConfigurationList = 7DEAB8A119D9290D00FC31FF /* Build configuration list for PBXProject "ToDoList2" */;
			compatibilityVersion = "Xcode 3.2";
			developmentRegion = English;
			hasScannedForEncodings = 0;
			knownRegions = (
				en,
				Base,
			);
			mainGroup = 7DEAB89D19D9290D00FC31FF;
			productRefGroup = 7DEAB8A719D9290D00FC31FF /* Products */;
			projectDirPath = "";
			projectRoot = "";
			targets = (
				7DEAB8A519D9290D00FC31FF /* ToDoList2 */,
				7DEAB8BA19D9290D00FC31FF /* ToDoList2Tests */,
			);
		};
/* End PBXProject section */

/* Begin PBXResourcesBuildPhase section */
		7DEAB8A419D9290D00FC31FF /* Resources */ = {
			isa = PBXResourcesBuildPhase;
			buildActionMask = 2147483647;
			files = (
				7DCE7A4919D9DC32001CEB3C /* bg.jpeg in Resources */,
				7DEAB8B119D9290D00FC31FF /* Main.storyboard in Resources */,
				7DEAB8B619D9290D00FC31FF /* LaunchScreen.xib in Resources */,
				7DEAB8B319D9290D00FC31FF /* Images.xcassets in Resources */,
			);
			runOnlyForDeploymentPostprocessing = 0;
		};
		7DEAB8B919D9290D00FC31FF /* Resources */ = {
			isa = PBXResourcesBuildPhase;
			buildActionMask = 2147483647;
			files = (
			);
			runOnlyForDeploymentPostprocessing = 0;
		};
/* End PBXResourcesBuildPhase section */

/* Begin PBXSourcesBuildPhase section */
		7DEAB8A219D9290D00FC31FF /* Sources */ = {
			isa = PBXSourcesBuildPhase;
			buildActionMask = 2147483647;
			files = (
				7DEAB8AE19D9290D00FC31FF /* ToDoListViewController.swift in Sources */,
				7DEAB8AC19D9290D00FC31FF /* AppDelegate.swift in Sources */,
				7DEAB8D119D92F9100FC31FF /* ToDoItem.swift in Sources */,
				7DEAB8CC19D92C3C00FC31FF /* AddToDoListViewController.swift in Sources */,
			);
			runOnlyForDeploymentPostprocessing = 0;
		};
		7DEAB8B719D9290D00FC31FF /* Sources */ = {
			isa = PBXSourcesBuildPhase;
			buildActionMask = 2147483647;
			files = (
				7DEAB8C219D9290D00FC31FF /* ToDoList2Tests.swift in Sources */,
			);
			runOnlyForDeploymentPostprocessing = 0;
		};
/* End PBXSourcesBuildPhase section */

/* Begin PBXTargetDependency section */
		7DEAB8BD19D9290D00FC31FF /* PBXTargetDependency */ = {
			isa = PBXTargetDependency;
			target = 7DEAB8A519D9290D00FC31FF /* ToDoList2 */;
			targetProxy = 7DEAB8BC19D9290D00FC31FF /* PBXContainerItemProxy */;
		};
/* End PBXTargetDependency section */

/* Begin PBXVariantGroup section */
		7DEAB8AF19D9290D00FC31FF /* Main.storyboard */ = {
			isa = PBXVariantGroup;
			children = (
				7DEAB8B019D9290D00FC31FF /* Base */,
			);
			name = Main.storyboard;
			sourceTree = "<group>";
		};
		7DEAB8B419D9290D00FC31FF /* LaunchScreen.xib */ = {
			isa = PBXVariantGroup;
			children = (
				7DEAB8B519D9290D00FC31FF /* Base */,
			);
			name = LaunchScreen.xib;
			sourceTree = "<group>";
		};
/* End PBXVariantGroup section */

/* Begin XCBuildConfiguration section */
		7DEAB8C319D9290D00FC31FF /* Debug */ = {
			isa = XCBuildConfiguration;
			buildSettings = {
				ALWAYS_SEARCH_USER_PATHS = NO;
				CLANG_CXX_LANGUAGE_STANDARD = "gnu++0x";
				CLANG_CXX_LIBRARY = "libc++";
				CLANG_ENABLE_MODULES = YES;
				CLANG_ENABLE_OBJC_ARC = YES;
				CLANG_WARN_BOOL_CONVERSION = YES;
				CLANG_WARN_CONSTANT_CONVERSION = YES;
				CLANG_WARN_DIRECT_OBJC_ISA_USAGE = YES_ERROR;
				CLANG_WARN_EMPTY_BODY = YES;
				CLANG_WARN_ENUM_CONVERSION = YES;
				CLANG_WARN_INT_CONVERSION = YES;
				CLANG_WARN_OBJC_ROOT_CLASS = YES_ERROR;
				CLANG_WARN_UNREACHABLE_CODE = YES;
				CLANG_WARN__DUPLICATE_METHOD_MATCH = YES;
				"CODE_SIGN_IDENTITY[sdk=iphoneos*]" = "iPhone Developer";
				COPY_PHASE_STRIP = NO;
				ENABLE_STRICT_OBJC_MSGSEND = YES;
				GCC_C_LANGUAGE_STANDARD = gnu99;
				GCC_DYNAMIC_NO_PIC = NO;
				GCC_OPTIMIZATION_LEVEL = 0;
				GCC_PREPROCESSOR_DEFINITIONS = (
					"DEBUG=1",
					"$(inherited)",
				);
				GCC_SYMBOLS_PRIVATE_EXTERN = NO;
				GCC_WARN_64_TO_32_BIT_CONVERSION = YES;
				GCC_WARN_ABOUT_RETURN_TYPE = YES_ERROR;
				GCC_WARN_UNDECLARED_SELECTOR = YES;
				GCC_WARN_UNINITIALIZED_AUTOS = YES_AGGRESSIVE;
				GCC_WARN_UNUSED_FUNCTION = YES;
				GCC_WARN_UNUSED_VARIABLE = YES;
				IPHONEOS_DEPLOYMENT_TARGET = 8.0;
				MTL_ENABLE_DEBUG_INFO = YES;
				ONLY_ACTIVE_ARCH = YES;
				SDKROOT = iphoneos;
				SWIFT_OPTIMIZATION_LEVEL = "-Onone";
			};
			name = Debug;
		};
		7DEAB8C419D9290D00FC31FF /* Release */ = {
			isa = XCBuildConfiguration;
			buildSettings = {
				ALWAYS_SEARCH_USER_PATHS = NO;
				CLANG_CXX_LANGUAGE_STANDARD = "gnu++0x";
				CLANG_CXX_LIBRARY = "libc++";
				CLANG_ENABLE_MODULES = YES;
				CLANG_ENABLE_OBJC_ARC = YES;
				CLANG_WARN_BOOL_CONVERSION = YES;
				CLANG_WARN_CONSTANT_CONVERSION = YES;
				CLANG_WARN_DIRECT_OBJC_ISA_USAGE = YES_ERROR;
				CLANG_WARN_EMPTY_BODY = YES;
				CLANG_WARN_ENUM_CONVERSION = YES;
				CLANG_WARN_INT_CONVERSION = YES;
				CLANG_WARN_OBJC_ROOT_CLASS = YES_ERROR;
				CLANG_WARN_UNREACHABLE_CODE = YES;
				CLANG_WARN__DUPLICATE_METHOD_MATCH = YES;
				"CODE_SIGN_IDENTITY[sdk=iphoneos*]" = "iPhone Developer";
				COPY_PHASE_STRIP = YES;
				ENABLE_NS_ASSERTIONS = NO;
				ENABLE_STRICT_OBJC_MSGSEND = YES;
				GCC_C_LANGUAGE_STANDARD = gnu99;
				GCC_WARN_64_TO_32_BIT_CONVERSION = YES;
				GCC_WARN_ABOUT_RETURN_TYPE = YES_ERROR;
				GCC_WARN_UNDECLARED_SELECTOR = YES;
				GCC_WARN_UNINITIALIZED_AUTOS = YES_AGGRESSIVE;
				GCC_WARN_UNUSED_FUNCTION = YES;
				GCC_WARN_UNUSED_VARIABLE = YES;
				IPHONEOS_DEPLOYMENT_TARGET = 8.0;
				MTL_ENABLE_DEBUG_INFO = NO;
				SDKROOT = iphoneos;
				VALIDATE_PRODUCT = YES;
			};
			name = Release;
		};
		7DEAB8C619D9290D00FC31FF /* Debug */ = {
			isa = XCBuildConfiguration;
			buildSettings = {
				ASSETCATALOG_COMPILER_APPICON_NAME = AppIcon;
				INFOPLIST_FILE = ToDoList2/Info.plist;
				LD_RUNPATH_SEARCH_PATHS = "$(inherited) @executable_path/Frameworks";
				PRODUCT_NAME = "$(TARGET_NAME)";
			};
			name = Debug;
		};
		7DEAB8C719D9290D00FC31FF /* Release */ = {
			isa = XCBuildConfiguration;
			buildSettings = {
				ASSETCATALOG_COMPILER_APPICON_NAME = AppIcon;
				INFOPLIST_FILE = ToDoList2/Info.plist;
				LD_RUNPATH_SEARCH_PATHS = "$(inherited) @executable_path/Frameworks";
				PRODUCT_NAME = "$(TARGET_NAME)";
			};
			name = Release;
		};
		7DEAB8C919D9290D00FC31FF /* Debug */ = {
			isa = XCBuildConfiguration;
			buildSettings = {
				BUNDLE_LOADER = "$(TEST_HOST)";
				FRAMEWORK_SEARCH_PATHS = (
					"$(SDKROOT)/Developer/Library/Frameworks",
					"$(inherited)",
				);
				GCC_PREPROCESSOR_DEFINITIONS = (
					"DEBUG=1",
					"$(inherited)",
				);
				INFOPLIST_FILE = ToDoList2Tests/Info.plist;
				LD_RUNPATH_SEARCH_PATHS = "$(inherited) @executable_path/Frameworks @loader_path/Frameworks";
				PRODUCT_NAME = "$(TARGET_NAME)";
				TEST_HOST = "$(BUILT_PRODUCTS_DIR)/ToDoList2.app/ToDoList2";
			};
			name = Debug;
		};
		7DEAB8CA19D9290D00FC31FF /* Release */ = {
			isa = XCBuildConfiguration;
			buildSettings = {
				BUNDLE_LOADER = "$(TEST_HOST)";
				FRAMEWORK_SEARCH_PATHS = (
					"$(SDKROOT)/Developer/Library/Frameworks",
					"$(inherited)",
				);
				INFOPLIST_FILE = ToDoList2Tests/Info.plist;
				LD_RUNPATH_SEARCH_PATHS = "$(inherited) @executable_path/Frameworks @loader_path/Frameworks";
				PRODUCT_NAME = "$(TARGET_NAME)";
				TEST_HOST = "$(BUILT_PRODUCTS_DIR)/ToDoList2.app/ToDoList2";
			};
			name = Release;
		};
/* End XCBuildConfiguration section */

/* Begin XCConfigurationList section */
		7DEAB8A119D9290D00FC31FF /* Build configuration list for PBXProject "ToDoList2" */ = {
			isa = XCConfigurationList;
			buildConfigurations = (
				7DEAB8C319D9290D00FC31FF /* Debug */,
				7DEAB8C419D9290D00FC31FF /* Release */,
			);
			defaultConfigurationIsVisible = 0;
			defaultConfigurationName = Release;
		};
		7DEAB8C519D9290D00FC31FF /* Build configuration list for PBXNativeTarget "ToDoList2" */ = {
			isa = XCConfigurationList;
			buildConfigurations = (
				7DEAB8C619D9290D00FC31FF /* Debug */,
				7DEAB8C719D9290D00FC31FF /* Release */,
			);
			defaultConfigurationIsVisible = 0;
			defaultConfigurationName = Release;
		};
		7DEAB8C819D9290D00FC31FF /* Build configuration list for PBXNativeTarget "ToDoList2Tests" */ = {
			isa = XCConfigurationList;
			buildConfigurations = (
				7DEAB8C919D9290D00FC31FF /* Debug */,
				7DEAB8CA19D9290D00FC31FF /* Release */,
			);
			defaultConfigurationIsVisible = 0;
			defaultConfigurationName = Release;
		};
/* End XCConfigurationList section */
	};
	rootObject = 7DEAB89E19D9290D00FC31FF /* Project object */;
}
